
Microsoft Visual Studio Solution File, Format Version 12.00
# Visual Studio Version 17
VisualStudioVersion = 17.8.34525.116
MinimumVisualStudioVersion = 10.0.40219.1
Project("{9A19103F-16F7-4668-BE54-9A1E7A4F7556}") = "API", "API.csproj", "{7BFE8D4F-227D-4319-9FBA-A6DAEF1A3799}"
EndProject
Project("{FAE04EC0-301F-11D3-BF4B-00C04F79EFBC}") = "TestProjectApi", "..\TestProjectApi\TestProjectApi.csproj", "{F17A3932-AD68-4BE1-B7EC-691486C7FE83}"
EndProject
Global
	GlobalSection(SolutionConfigurationPlatforms) = preSolution
		Debug|Any CPU = Debug|Any CPU
		Release|Any CPU = Release|Any CPU
	EndGlobalSection
	GlobalSection(ProjectConfigurationPlatforms) = postSolution
		{7BFE8D4F-227D-4319-9FBA-A6DAEF1A3799}.Debug|Any CPU.ActiveCfg = Debug|Any CPU
		{7BFE8D4F-227D-4319-9FBA-A6DAEF1A3799}.Debug|Any CPU.Build.0 = Debug|Any CPU
		{7BFE8D4F-227D-4319-9FBA-A6DAEF1A3799}.Release|Any CPU.ActiveCfg = Release|Any CPU
		{7BFE8D4F-227D-4319-9FBA-A6DAEF1A3799}.Release|Any CPU.Build.0 = Release|Any CPU
		{F17A3932-AD68-4BE1-B7EC-691486C7FE83}.Debug|Any CPU.ActiveCfg = Debug|Any CPU
		{F17A3932-AD68-4BE1-B7EC-691486C7FE83}.Debug|Any CPU.Build.0 = Debug|Any CPU
		{F17A3932-AD68-4BE1-B7EC-691486C7FE83}.Release|Any CPU.ActiveCfg = Release|Any CPU
		{F17A3932-AD68-4BE1-B7EC-691486C7FE83}.Release|Any CPU.Build.0 = Release|Any CPU
	EndGlobalSection
	GlobalSection(SolutionProperties) = preSolution
		HideSolutionNode = FALSE
	EndGlobalSection
	GlobalSection(ExtensibilityGlobals) = postSolution
		SolutionGuid = {394CF7F2-19C6-4331-A92A-AC475CCE7272}
	EndGlobalSection
EndGlobal
